// !$*UTF8*$!
{
	archiveVersion = 1;
	classes = {
	};
	objectVersion = 56;
	objects = {

/* Begin PBXBuildFile section */
		2F09F3392AA686FE0095317A /* RegisterView.swift in Sources */ = {isa = PBXBuildFile; fileRef = 2F09F3382AA686FE0095317A /* RegisterView.swift */; };
		2F09F33C2AA69F5F0095317A /* AuthParentView.swift in Sources */ = {isa = PBXBuildFile; fileRef = 2F09F33B2AA69F5F0095317A /* AuthParentView.swift */; };
		2F8CA35A2AA6604E0040E468 /* CryptoConnectApp.swift in Sources */ = {isa = PBXBuildFile; fileRef = 2F8CA3592AA6604E0040E468 /* CryptoConnectApp.swift */; };
		2F8CA35C2AA6604E0040E468 /* ContentView.swift in Sources */ = {isa = PBXBuildFile; fileRef = 2F8CA35B2AA6604E0040E468 /* ContentView.swift */; };
		2F8CA35E2AA6604E0040E468 /* Item.swift in Sources */ = {isa = PBXBuildFile; fileRef = 2F8CA35D2AA6604E0040E468 /* Item.swift */; };
		2F8CA3602AA660500040E468 /* Assets.xcassets in Resources */ = {isa = PBXBuildFile; fileRef = 2F8CA35F2AA660500040E468 /* Assets.xcassets */; };
		2F8CA3642AA660500040E468 /* Preview Assets.xcassets in Resources */ = {isa = PBXBuildFile; fileRef = 2F8CA3632AA660500040E468 /* Preview Assets.xcassets */; };
		2F8CA36E2AA660500040E468 /* CryptoConnectTests.swift in Sources */ = {isa = PBXBuildFile; fileRef = 2F8CA36D2AA660500040E468 /* CryptoConnectTests.swift */; };
		2F8CA3782AA660500040E468 /* CryptoConnectUITests.swift in Sources */ = {isa = PBXBuildFile; fileRef = 2F8CA3772AA660500040E468 /* CryptoConnectUITests.swift */; };
		2F8CA37A2AA660500040E468 /* CryptoConnectUITestsLaunchTests.swift in Sources */ = {isa = PBXBuildFile; fileRef = 2F8CA3792AA660500040E468 /* CryptoConnectUITestsLaunchTests.swift */; };
		2F8CA38F2AA662880040E468 /* User.swift in Sources */ = {isa = PBXBuildFile; fileRef = 2F8CA38E2AA662880040E468 /* User.swift */; };
		2F8CA3912AA6628E0040E468 /* Post.swift in Sources */ = {isa = PBXBuildFile; fileRef = 2F8CA3902AA6628E0040E468 /* Post.swift */; };
		2F8CA3932AA662980040E468 /* Comment.swift in Sources */ = {isa = PBXBuildFile; fileRef = 2F8CA3922AA662980040E468 /* Comment.swift */; };
		2F8CA3952AA662A50040E468 /* Wallet.swift in Sources */ = {isa = PBXBuildFile; fileRef = 2F8CA3942AA662A50040E468 /* Wallet.swift */; };
		2F8CA3972AA6631D0040E468 /* LoginView.swift in Sources */ = {isa = PBXBuildFile; fileRef = 2F8CA3962AA6631D0040E468 /* LoginView.swift */; };
		2F8CA3992AA663250040E468 /* HomeView.swift in Sources */ = {isa = PBXBuildFile; fileRef = 2F8CA3982AA663250040E468 /* HomeView.swift */; };
		2F8CA39B2AA6634E0040E468 /* PostDetailView.swift in Sources */ = {isa = PBXBuildFile; fileRef = 2F8CA39A2AA6634E0040E468 /* PostDetailView.swift */; };
		2F8CA39D2AA663580040E468 /* ProfileView.swift in Sources */ = {isa = PBXBuildFile; fileRef = 2F8CA39C2AA663580040E468 /* ProfileView.swift */; };
		2F8CA3A02AA663680040E468 /* CreatePostView.swift in Sources */ = {isa = PBXBuildFile; fileRef = 2F8CA39F2AA663680040E468 /* CreatePostView.swift */; };
		2F8CA3A22AA663770040E468 /* AuthViewModel.swift in Sources */ = {isa = PBXBuildFile; fileRef = 2F8CA3A12AA663770040E468 /* AuthViewModel.swift */; };
		2F8CA3A42AA6637F0040E468 /* HomeViewModel.swift in Sources */ = {isa = PBXBuildFile; fileRef = 2F8CA3A32AA6637F0040E468 /* HomeViewModel.swift */; };
		2F8CA3A62AA663880040E468 /* PostDetailViewModel.swift in Sources */ = {isa = PBXBuildFile; fileRef = 2F8CA3A52AA663880040E468 /* PostDetailViewModel.swift */; };
		2F8CA3A82AA663900040E468 /* ProfileViewModel.swift in Sources */ = {isa = PBXBuildFile; fileRef = 2F8CA3A72AA663900040E468 /* ProfileViewModel.swift */; };
		2F8CA3AA2AA664EF0040E468 /* NetworkManager.swift in Sources */ = {isa = PBXBuildFile; fileRef = 2F8CA3A92AA664EF0040E468 /* NetworkManager.swift */; };
		2F8CA3AE2AA665040040E468 /* Constants.swift in Sources */ = {isa = PBXBuildFile; fileRef = 2F8CA3AD2AA665040040E468 /* Constants.swift */; };
		2F8CA3B02AA6650B0040E468 /* Extensions.swift in Sources */ = {isa = PBXBuildFile; fileRef = 2F8CA3AF2AA6650B0040E468 /* Extensions.swift */; };
		2F8CA3B32AA666AF0040E468 /* web3swift in Frameworks */ = {isa = PBXBuildFile; productRef = 2F8CA3B22AA666AF0040E468 /* web3swift */; };
		2F8CA3B62AA66E7C0040E468 /* Colors.swift in Sources */ = {isa = PBXBuildFile; fileRef = 2F8CA3B52AA66E7C0040E468 /* Colors.swift */; };
		2F8CA3B82AA66E8F0040E468 /* Typography.swift in Sources */ = {isa = PBXBuildFile; fileRef = 2F8CA3B72AA66E8F0040E468 /* Typography.swift */; };
		2FB3EA322AA8FB4B00EAA73F /* CreatePostViewModel.swift in Sources */ = {isa = PBXBuildFile; fileRef = 2FB3EA312AA8FB4B00EAA73F /* CreatePostViewModel.swift */; };
		2FB3EA352AA8FE2D00EAA73F /* Web3Manager.swift in Sources */ = {isa = PBXBuildFile; fileRef = 2FB3EA342AA8FE2D00EAA73F /* Web3Manager.swift */; };
		2FB3EA382AA8FE6200EAA73F /* CustomButton.swift in Sources */ = {isa = PBXBuildFile; fileRef = 2FB3EA372AA8FE6200EAA73F /* CustomButton.swift */; };
		2FB3EA3A2AA9132F00EAA73F /* TipButton.swift in Sources */ = {isa = PBXBuildFile; fileRef = 2FB3EA392AA9132F00EAA73F /* TipButton.swift */; };
		2FB3EA3C2AA9134D00EAA73F /* TipModalView.swift in Sources */ = {isa = PBXBuildFile; fileRef = 2FB3EA3B2AA9134D00EAA73F /* TipModalView.swift */; };
		2FB5D6FC2AA9566F00AD3907 /* CommentView.swift in Sources */ = {isa = PBXBuildFile; fileRef = 2FB5D6FB2AA9566F00AD3907 /* CommentView.swift */; };
		2FC6C93A2AA7902E00A5970E /* MainTabView.swift in Sources */ = {isa = PBXBuildFile; fileRef = 2FC6C9392AA7902E00A5970E /* MainTabView.swift */; };
/* End PBXBuildFile section */

/* Begin PBXContainerItemProxy section */
		2F8CA36A2AA660500040E468 /* PBXContainerItemProxy */ = {
			isa = PBXContainerItemProxy;
			containerPortal = 2F8CA34E2AA6604E0040E468 /* Project object */;
			proxyType = 1;
			remoteGlobalIDString = 2F8CA3552AA6604E0040E468;
			remoteInfo = CryptoConnect;
		};
		2F8CA3742AA660500040E468 /* PBXContainerItemProxy */ = {
			isa = PBXContainerItemProxy;
			containerPortal = 2F8CA34E2AA6604E0040E468 /* Project object */;
			proxyType = 1;
			remoteGlobalIDString = 2F8CA3552AA6604E0040E468;
			remoteInfo = CryptoConnect;
		};
/* End PBXContainerItemProxy section */

/* Begin PBXFileReference section */
		2F09F3382AA686FE0095317A /* RegisterView.swift */ = {isa = PBXFileReference; lastKnownFileType = sourcecode.swift; path = RegisterView.swift; sourceTree = "<group>"; };
		2F09F33B2AA69F5F0095317A /* AuthParentView.swift */ = {isa = PBXFileReference; lastKnownFileType = sourcecode.swift; path = AuthParentView.swift; sourceTree = "<group>"; };
		2F8CA3562AA6604E0040E468 /* CryptoConnect.app */ = {isa = PBXFileReference; explicitFileType = wrapper.application; includeInIndex = 0; path = CryptoConnect.app; sourceTree = BUILT_PRODUCTS_DIR; };
		2F8CA3592AA6604E0040E468 /* CryptoConnectApp.swift */ = {isa = PBXFileReference; lastKnownFileType = sourcecode.swift; path = CryptoConnectApp.swift; sourceTree = "<group>"; };
		2F8CA35B2AA6604E0040E468 /* ContentView.swift */ = {isa = PBXFileReference; lastKnownFileType = sourcecode.swift; path = ContentView.swift; sourceTree = "<group>"; };
		2F8CA35D2AA6604E0040E468 /* Item.swift */ = {isa = PBXFileReference; lastKnownFileType = sourcecode.swift; path = Item.swift; sourceTree = "<group>"; };
		2F8CA35F2AA660500040E468 /* Assets.xcassets */ = {isa = PBXFileReference; lastKnownFileType = folder.assetcatalog; path = Assets.xcassets; sourceTree = "<group>"; };
		2F8CA3612AA660500040E468 /* CryptoConnect.entitlements */ = {isa = PBXFileReference; lastKnownFileType = text.plist.entitlements; path = CryptoConnect.entitlements; sourceTree = "<group>"; };
		2F8CA3632AA660500040E468 /* Preview Assets.xcassets */ = {isa = PBXFileReference; lastKnownFileType = folder.assetcatalog; path = "Preview Assets.xcassets"; sourceTree = "<group>"; };
		2F8CA3692AA660500040E468 /* CryptoConnectTests.xctest */ = {isa = PBXFileReference; explicitFileType = wrapper.cfbundle; includeInIndex = 0; path = CryptoConnectTests.xctest; sourceTree = BUILT_PRODUCTS_DIR; };
		2F8CA36D2AA660500040E468 /* CryptoConnectTests.swift */ = {isa = PBXFileReference; lastKnownFileType = sourcecode.swift; path = CryptoConnectTests.swift; sourceTree = "<group>"; };
		2F8CA3732AA660500040E468 /* CryptoConnectUITests.xctest */ = {isa = PBXFileReference; explicitFileType = wrapper.cfbundle; includeInIndex = 0; path = CryptoConnectUITests.xctest; sourceTree = BUILT_PRODUCTS_DIR; };
		2F8CA3772AA660500040E468 /* CryptoConnectUITests.swift */ = {isa = PBXFileReference; lastKnownFileType = sourcecode.swift; path = CryptoConnectUITests.swift; sourceTree = "<group>"; };
		2F8CA3792AA660500040E468 /* CryptoConnectUITestsLaunchTests.swift */ = {isa = PBXFileReference; lastKnownFileType = sourcecode.swift; path = CryptoConnectUITestsLaunchTests.swift; sourceTree = "<group>"; };
		2F8CA38E2AA662880040E468 /* User.swift */ = {isa = PBXFileReference; lastKnownFileType = sourcecode.swift; path = User.swift; sourceTree = "<group>"; };
		2F8CA3902AA6628E0040E468 /* Post.swift */ = {isa = PBXFileReference; lastKnownFileType = sourcecode.swift; path = Post.swift; sourceTree = "<group>"; };
		2F8CA3922AA662980040E468 /* Comment.swift */ = {isa = PBXFileReference; lastKnownFileType = sourcecode.swift; path = Comment.swift; sourceTree = "<group>"; };
		2F8CA3942AA662A50040E468 /* Wallet.swift */ = {isa = PBXFileReference; lastKnownFileType = sourcecode.swift; path = Wallet.swift; sourceTree = "<group>"; };
		2F8CA3962AA6631D0040E468 /* LoginView.swift */ = {isa = PBXFileReference; lastKnownFileType = sourcecode.swift; path = LoginView.swift; sourceTree = "<group>"; };
		2F8CA3982AA663250040E468 /* HomeView.swift */ = {isa = PBXFileReference; lastKnownFileType = sourcecode.swift; path = HomeView.swift; sourceTree = "<group>"; };
		2F8CA39A2AA6634E0040E468 /* PostDetailView.swift */ = {isa = PBXFileReference; lastKnownFileType = sourcecode.swift; path = PostDetailView.swift; sourceTree = "<group>"; };
		2F8CA39C2AA663580040E468 /* ProfileView.swift */ = {isa = PBXFileReference; lastKnownFileType = sourcecode.swift; path = ProfileView.swift; sourceTree = "<group>"; };
		2F8CA39F2AA663680040E468 /* CreatePostView.swift */ = {isa = PBXFileReference; lastKnownFileType = sourcecode.swift; path = CreatePostView.swift; sourceTree = "<group>"; };
		2F8CA3A12AA663770040E468 /* AuthViewModel.swift */ = {isa = PBXFileReference; lastKnownFileType = sourcecode.swift; path = AuthViewModel.swift; sourceTree = "<group>"; };
		2F8CA3A32AA6637F0040E468 /* HomeViewModel.swift */ = {isa = PBXFileReference; lastKnownFileType = sourcecode.swift; path = HomeViewModel.swift; sourceTree = "<group>"; };
		2F8CA3A52AA663880040E468 /* PostDetailViewModel.swift */ = {isa = PBXFileReference; lastKnownFileType = sourcecode.swift; path = PostDetailViewModel.swift; sourceTree = "<group>"; };
		2F8CA3A72AA663900040E468 /* ProfileViewModel.swift */ = {isa = PBXFileReference; lastKnownFileType = sourcecode.swift; path = ProfileViewModel.swift; sourceTree = "<group>"; };
		2F8CA3A92AA664EF0040E468 /* NetworkManager.swift */ = {isa = PBXFileReference; lastKnownFileType = sourcecode.swift; path = NetworkManager.swift; sourceTree = "<group>"; };
		2F8CA3AD2AA665040040E468 /* Constants.swift */ = {isa = PBXFileReference; lastKnownFileType = sourcecode.swift; path = Constants.swift; sourceTree = "<group>"; };
		2F8CA3AF2AA6650B0040E468 /* Extensions.swift */ = {isa = PBXFileReference; lastKnownFileType = sourcecode.swift; path = Extensions.swift; sourceTree = "<group>"; };
		2F8CA3B52AA66E7C0040E468 /* Colors.swift */ = {isa = PBXFileReference; lastKnownFileType = sourcecode.swift; path = Colors.swift; sourceTree = "<group>"; };
		2F8CA3B72AA66E8F0040E468 /* Typography.swift */ = {isa = PBXFileReference; lastKnownFileType = sourcecode.swift; path = Typography.swift; sourceTree = "<group>"; };
		2FB3EA312AA8FB4B00EAA73F /* CreatePostViewModel.swift */ = {isa = PBXFileReference; lastKnownFileType = sourcecode.swift; path = CreatePostViewModel.swift; sourceTree = "<group>"; };
		2FB3EA342AA8FE2D00EAA73F /* Web3Manager.swift */ = {isa = PBXFileReference; lastKnownFileType = sourcecode.swift; path = Web3Manager.swift; sourceTree = "<group>"; };
		2FB3EA372AA8FE6200EAA73F /* CustomButton.swift */ = {isa = PBXFileReference; lastKnownFileType = sourcecode.swift; path = CustomButton.swift; sourceTree = "<group>"; };
		2FB3EA392AA9132F00EAA73F /* TipButton.swift */ = {isa = PBXFileReference; lastKnownFileType = sourcecode.swift; path = TipButton.swift; sourceTree = "<group>"; };
		2FB3EA3B2AA9134D00EAA73F /* TipModalView.swift */ = {isa = PBXFileReference; lastKnownFileType = sourcecode.swift; path = TipModalView.swift; sourceTree = "<group>"; };
		2FB5D6FB2AA9566F00AD3907 /* CommentView.swift */ = {isa = PBXFileReference; lastKnownFileType = sourcecode.swift; path = CommentView.swift; sourceTree = "<group>"; };
		2FC6C9392AA7902E00A5970E /* MainTabView.swift */ = {isa = PBXFileReference; lastKnownFileType = sourcecode.swift; path = MainTabView.swift; sourceTree = "<group>"; };
/* End PBXFileReference section */

/* Begin PBXFrameworksBuildPhase section */
		2F8CA3532AA6604E0040E468 /* Frameworks */ = {
			isa = PBXFrameworksBuildPhase;
			buildActionMask = 2147483647;
			files = (
				2F8CA3B32AA666AF0040E468 /* web3swift in Frameworks */,
			);
			runOnlyForDeploymentPostprocessing = 0;
		};
		2F8CA3662AA660500040E468 /* Frameworks */ = {
			isa = PBXFrameworksBuildPhase;
			buildActionMask = 2147483647;
			files = (
			);
			runOnlyForDeploymentPostprocessing = 0;
		};
		2F8CA3702AA660500040E468 /* Frameworks */ = {
			isa = PBXFrameworksBuildPhase;
			buildActionMask = 2147483647;
			files = (
			);
			runOnlyForDeploymentPostprocessing = 0;
		};
/* End PBXFrameworksBuildPhase section */

/* Begin PBXGroup section */
		2F09F33A2AA69D490095317A /* Auth */ = {
			isa = PBXGroup;
			children = (
				2F8CA3962AA6631D0040E468 /* LoginView.swift */,
				2F09F3382AA686FE0095317A /* RegisterView.swift */,
				2F09F33B2AA69F5F0095317A /* AuthParentView.swift */,
			);
			path = Auth;
			sourceTree = "<group>";
		};
		2F8CA34D2AA6604E0040E468 = {
			isa = PBXGroup;
			children = (
				2F8CA3582AA6604E0040E468 /* CryptoConnect */,
				2F8CA36C2AA660500040E468 /* CryptoConnectTests */,
				2F8CA3762AA660500040E468 /* CryptoConnectUITests */,
				2F8CA3572AA6604E0040E468 /* Products */,
			);
			sourceTree = "<group>";
		};
		2F8CA3572AA6604E0040E468 /* Products */ = {
			isa = PBXGroup;
			children = (
				2F8CA3562AA6604E0040E468 /* CryptoConnect.app */,
				2F8CA3692AA660500040E468 /* CryptoConnectTests.xctest */,
				2F8CA3732AA660500040E468 /* CryptoConnectUITests.xctest */,
			);
			name = Products;
			sourceTree = "<group>";
		};
		2F8CA3582AA6604E0040E468 /* CryptoConnect */ = {
			isa = PBXGroup;
			children = (
				2F8CA35F2AA660500040E468 /* Assets.xcassets */,
				2F8CA3612AA660500040E468 /* CryptoConnect.entitlements */,
				2F8CA3592AA6604E0040E468 /* CryptoConnectApp.swift */,
				2F8CA35D2AA6604E0040E468 /* Item.swift */,
				2FB3EA332AA8FE1600EAA73F /* Managers */,
				2F8CA3892AA6616E0040E468 /* Models */,
				2F8CA3622AA660500040E468 /* Preview Content */,
				2F8CA3B42AA66E630040E468 /* Theme */,
				2F8CA38D2AA661890040E468 /* Utils */,
				2F8CA38B2AA6617C0040E468 /* ViewModels */,
				2F8CA38A2AA661760040E468 /* Views */,
			);
			path = CryptoConnect;
			sourceTree = "<group>";
		};
		2F8CA3622AA660500040E468 /* Preview Content */ = {
			isa = PBXGroup;
			children = (
				2F8CA3632AA660500040E468 /* Preview Assets.xcassets */,
			);
			path = "Preview Content";
			sourceTree = "<group>";
		};
		2F8CA36C2AA660500040E468 /* CryptoConnectTests */ = {
			isa = PBXGroup;
			children = (
				2F8CA36D2AA660500040E468 /* CryptoConnectTests.swift */,
			);
			path = CryptoConnectTests;
			sourceTree = "<group>";
		};
		2F8CA3762AA660500040E468 /* CryptoConnectUITests */ = {
			isa = PBXGroup;
			children = (
				2F8CA3772AA660500040E468 /* CryptoConnectUITests.swift */,
				2F8CA3792AA660500040E468 /* CryptoConnectUITestsLaunchTests.swift */,
			);
			path = CryptoConnectUITests;
			sourceTree = "<group>";
		};
		2F8CA3892AA6616E0040E468 /* Models */ = {
			isa = PBXGroup;
			children = (
				2F8CA38E2AA662880040E468 /* User.swift */,
				2F8CA3902AA6628E0040E468 /* Post.swift */,
				2F8CA3922AA662980040E468 /* Comment.swift */,
				2F8CA3942AA662A50040E468 /* Wallet.swift */,
			);
			path = Models;
			sourceTree = "<group>";
		};
		2F8CA38A2AA661760040E468 /* Views */ = {
			isa = PBXGroup;
			children = (
				2FB3EA362AA8FE4600EAA73F /* Components */,
				2F8CA35B2AA6604E0040E468 /* ContentView.swift */,
				2F09F33A2AA69D490095317A /* Auth */,
				2F8CA3982AA663250040E468 /* HomeView.swift */,
				2F8CA39A2AA6634E0040E468 /* PostDetailView.swift */,
				2F8CA39C2AA663580040E468 /* ProfileView.swift */,
				2F8CA39F2AA663680040E468 /* CreatePostView.swift */,
				2FC6C9392AA7902E00A5970E /* MainTabView.swift */,
				2FB5D6FB2AA9566F00AD3907 /* CommentView.swift */,
			);
			path = Views;
			sourceTree = "<group>";
		};
		2F8CA38B2AA6617C0040E468 /* ViewModels */ = {
			isa = PBXGroup;
			children = (
				2F8CA3A12AA663770040E468 /* AuthViewModel.swift */,
				2F8CA3A32AA6637F0040E468 /* HomeViewModel.swift */,
				2F8CA3A52AA663880040E468 /* PostDetailViewModel.swift */,
				2F8CA3A72AA663900040E468 /* ProfileViewModel.swift */,
				2FB3EA312AA8FB4B00EAA73F /* CreatePostViewModel.swift */,
			);
			path = ViewModels;
			sourceTree = "<group>";
		};
		2F8CA38D2AA661890040E468 /* Utils */ = {
			isa = PBXGroup;
			children = (
				2F8CA3AD2AA665040040E468 /* Constants.swift */,
				2F8CA3AF2AA6650B0040E468 /* Extensions.swift */,
			);
			path = Utils;
			sourceTree = "<group>";
		};
		2F8CA3B42AA66E630040E468 /* Theme */ = {
			isa = PBXGroup;
			children = (
				2F8CA3B52AA66E7C0040E468 /* Colors.swift */,
				2F8CA3B72AA66E8F0040E468 /* Typography.swift */,
			);
			path = Theme;
			sourceTree = "<group>";
		};
		2FB3EA332AA8FE1600EAA73F /* Managers */ = {
			isa = PBXGroup;
			children = (
				2FB3EA342AA8FE2D00EAA73F /* Web3Manager.swift */,
				2F8CA3A92AA664EF0040E468 /* NetworkManager.swift */,
			);
			path = Managers;
			sourceTree = "<group>";
		};
		2FB3EA362AA8FE4600EAA73F /* Components */ = {
			isa = PBXGroup;
			children = (
				2FB3EA372AA8FE6200EAA73F /* CustomButton.swift */,
				2FB3EA392AA9132F00EAA73F /* TipButton.swift */,
				2FB3EA3B2AA9134D00EAA73F /* TipModalView.swift */,
			);
			path = Components;
			sourceTree = "<group>";
		};
/* End PBXGroup section */

/* Begin PBXNativeTarget section */
		2F8CA3552AA6604E0040E468 /* CryptoConnect */ = {
			isa = PBXNativeTarget;
			buildConfigurationList = 2F8CA37D2AA660500040E468 /* Build configuration list for PBXNativeTarget "CryptoConnect" */;
			buildPhases = (
				2F8CA3522AA6604E0040E468 /* Sources */,
				2F8CA3532AA6604E0040E468 /* Frameworks */,
				2F8CA3542AA6604E0040E468 /* Resources */,
			);
			buildRules = (
			);
			dependencies = (
			);
			name = CryptoConnect;
			packageProductDependencies = (
				2F8CA3B22AA666AF0040E468 /* web3swift */,
			);
			productName = CryptoConnect;
			productReference = 2F8CA3562AA6604E0040E468 /* CryptoConnect.app */;
			productType = "com.apple.product-type.application";
		};
		2F8CA3682AA660500040E468 /* CryptoConnectTests */ = {
			isa = PBXNativeTarget;
			buildConfigurationList = 2F8CA3802AA660500040E468 /* Build configuration list for PBXNativeTarget "CryptoConnectTests" */;
			buildPhases = (
				2F8CA3652AA660500040E468 /* Sources */,
				2F8CA3662AA660500040E468 /* Frameworks */,
				2F8CA3672AA660500040E468 /* Resources */,
			);
			buildRules = (
			);
			dependencies = (
				2F8CA36B2AA660500040E468 /* PBXTargetDependency */,
			);
			name = CryptoConnectTests;
			productName = CryptoConnectTests;
			productReference = 2F8CA3692AA660500040E468 /* CryptoConnectTests.xctest */;
			productType = "com.apple.product-type.bundle.unit-test";
		};
		2F8CA3722AA660500040E468 /* CryptoConnectUITests */ = {
			isa = PBXNativeTarget;
			buildConfigurationList = 2F8CA3832AA660500040E468 /* Build configuration list for PBXNativeTarget "CryptoConnectUITests" */;
			buildPhases = (
				2F8CA36F2AA660500040E468 /* Sources */,
				2F8CA3702AA660500040E468 /* Frameworks */,
				2F8CA3712AA660500040E468 /* Resources */,
			);
			buildRules = (
			);
			dependencies = (
				2F8CA3752AA660500040E468 /* PBXTargetDependency */,
			);
			name = CryptoConnectUITests;
			productName = CryptoConnectUITests;
			productReference = 2F8CA3732AA660500040E468 /* CryptoConnectUITests.xctest */;
			productType = "com.apple.product-type.bundle.ui-testing";
		};
/* End PBXNativeTarget section */

/* Begin PBXProject section */
		2F8CA34E2AA6604E0040E468 /* Project object */ = {
			isa = PBXProject;
			attributes = {
				BuildIndependentTargetsInParallel = 1;
				LastSwiftUpdateCheck = 1500;
				LastUpgradeCheck = 1500;
				TargetAttributes = {
					2F8CA3552AA6604E0040E468 = {
						CreatedOnToolsVersion = 15.0;
					};
					2F8CA3682AA660500040E468 = {
						CreatedOnToolsVersion = 15.0;
						TestTargetID = 2F8CA3552AA6604E0040E468;
					};
					2F8CA3722AA660500040E468 = {
						CreatedOnToolsVersion = 15.0;
						TestTargetID = 2F8CA3552AA6604E0040E468;
					};
				};
			};
			buildConfigurationList = 2F8CA3512AA6604E0040E468 /* Build configuration list for PBXProject "CryptoConnect" */;
			compatibilityVersion = "Xcode 14.0";
			developmentRegion = en;
			hasScannedForEncodings = 0;
			knownRegions = (
				en,
				Base,
			);
			mainGroup = 2F8CA34D2AA6604E0040E468;
			packageReferences = (
				2F8CA3B12AA666AF0040E468 /* XCRemoteSwiftPackageReference "web3swift" */,
			);
			productRefGroup = 2F8CA3572AA6604E0040E468 /* Products */;
			projectDirPath = "";
			projectRoot = "";
			targets = (
				2F8CA3552AA6604E0040E468 /* CryptoConnect */,
				2F8CA3682AA660500040E468 /* CryptoConnectTests */,
				2F8CA3722AA660500040E468 /* CryptoConnectUITests */,
			);
		};
/* End PBXProject section */

/* Begin PBXResourcesBuildPhase section */
		2F8CA3542AA6604E0040E468 /* Resources */ = {
			isa = PBXResourcesBuildPhase;
			buildActionMask = 2147483647;
			files = (
				2F8CA3642AA660500040E468 /* Preview Assets.xcassets in Resources */,
				2F8CA3602AA660500040E468 /* Assets.xcassets in Resources */,
			);
			runOnlyForDeploymentPostprocessing = 0;
		};
		2F8CA3672AA660500040E468 /* Resources */ = {
			isa = PBXResourcesBuildPhase;
			buildActionMask = 2147483647;
			files = (
			);
			runOnlyForDeploymentPostprocessing = 0;
		};
		2F8CA3712AA660500040E468 /* Resources */ = {
			isa = PBXResourcesBuildPhase;
			buildActionMask = 2147483647;
			files = (
			);
			runOnlyForDeploymentPostprocessing = 0;
		};
/* End PBXResourcesBuildPhase section */

/* Begin PBXSourcesBuildPhase section */
		2F8CA3522AA6604E0040E468 /* Sources */ = {
			isa = PBXSourcesBuildPhase;
			buildActionMask = 2147483647;
			files = (
				2F8CA3992AA663250040E468 /* HomeView.swift in Sources */,
				2F8CA3AE2AA665040040E468 /* Constants.swift in Sources */,
				2F8CA39B2AA6634E0040E468 /* PostDetailView.swift in Sources */,
				2FB3EA3A2AA9132F00EAA73F /* TipButton.swift in Sources */,
				2F8CA38F2AA662880040E468 /* User.swift in Sources */,
				2FB3EA382AA8FE6200EAA73F /* CustomButton.swift in Sources */,
				2F8CA3952AA662A50040E468 /* Wallet.swift in Sources */,
				2F8CA3932AA662980040E468 /* Comment.swift in Sources */,
				2F8CA35C2AA6604E0040E468 /* ContentView.swift in Sources */,
				2FC6C93A2AA7902E00A5970E /* MainTabView.swift in Sources */,
				2F8CA35E2AA6604E0040E468 /* Item.swift in Sources */,
				2FB3EA3C2AA9134D00EAA73F /* TipModalView.swift in Sources */,
				2F8CA3B82AA66E8F0040E468 /* Typography.swift in Sources */,
				2F8CA35A2AA6604E0040E468 /* CryptoConnectApp.swift in Sources */,
				2F8CA3A02AA663680040E468 /* CreatePostView.swift in Sources */,
				2F8CA3B62AA66E7C0040E468 /* Colors.swift in Sources */,
				2F8CA3A42AA6637F0040E468 /* HomeViewModel.swift in Sources */,
				2FB3EA352AA8FE2D00EAA73F /* Web3Manager.swift in Sources */,
				2FB5D6FC2AA9566F00AD3907 /* CommentView.swift in Sources */,
				2F8CA3AA2AA664EF0040E468 /* NetworkManager.swift in Sources */,
				2FB3EA322AA8FB4B00EAA73F /* CreatePostViewModel.swift in Sources */,
				2F8CA3972AA6631D0040E468 /* LoginView.swift in Sources */,
				2F8CA39D2AA663580040E468 /* ProfileView.swift in Sources */,
				2F09F33C2AA69F5F0095317A /* AuthParentView.swift in Sources */,
				2F8CA3B02AA6650B0040E468 /* Extensions.swift in Sources */,
				2F8CA3A22AA663770040E468 /* AuthViewModel.swift in Sources */,
				2F8CA3912AA6628E0040E468 /* Post.swift in Sources */,
				2F09F3392AA686FE0095317A /* RegisterView.swift in Sources */,
				2F8CA3A82AA663900040E468 /* ProfileViewModel.swift in Sources */,
				2F8CA3A62AA663880040E468 /* PostDetailViewModel.swift in Sources */,
			);
			runOnlyForDeploymentPostprocessing = 0;
		};
		2F8CA3652AA660500040E468 /* Sources */ = {
			isa = PBXSourcesBuildPhase;
			buildActionMask = 2147483647;
			files = (
				2F8CA36E2AA660500040E468 /* CryptoConnectTests.swift in Sources */,
			);
			runOnlyForDeploymentPostprocessing = 0;
		};
		2F8CA36F2AA660500040E468 /* Sources */ = {
			isa = PBXSourcesBuildPhase;
			buildActionMask = 2147483647;
			files = (
				2F8CA37A2AA660500040E468 /* CryptoConnectUITestsLaunchTests.swift in Sources */,
				2F8CA3782AA660500040E468 /* CryptoConnectUITests.swift in Sources */,
			);
			runOnlyForDeploymentPostprocessing = 0;
		};
/* End PBXSourcesBuildPhase section */

/* Begin PBXTargetDependency section */
		2F8CA36B2AA660500040E468 /* PBXTargetDependency */ = {
			isa = PBXTargetDependency;
			target = 2F8CA3552AA6604E0040E468 /* CryptoConnect */;
			targetProxy = 2F8CA36A2AA660500040E468 /* PBXContainerItemProxy */;
		};
		2F8CA3752AA660500040E468 /* PBXTargetDependency */ = {
			isa = PBXTargetDependency;
			target = 2F8CA3552AA6604E0040E468 /* CryptoConnect */;
			targetProxy = 2F8CA3742AA660500040E468 /* PBXContainerItemProxy */;
		};
/* End PBXTargetDependency section */

/* Begin XCBuildConfiguration section */
		2F8CA37B2AA660500040E468 /* Debug */ = {
			isa = XCBuildConfiguration;
			buildSettings = {
				ALWAYS_SEARCH_USER_PATHS = NO;
				ASSETCATALOG_COMPILER_GENERATE_SWIFT_ASSET_SYMBOL_EXTENSIONS = YES;
				CLANG_ANALYZER_NONNULL = YES;
				CLANG_ANALYZER_NUMBER_OBJECT_CONVERSION = YES_AGGRESSIVE;
				CLANG_CXX_LANGUAGE_STANDARD = "gnu++20";
				CLANG_ENABLE_MODULES = YES;
				CLANG_ENABLE_OBJC_ARC = YES;
				CLANG_ENABLE_OBJC_WEAK = YES;
				CLANG_WARN_BLOCK_CAPTURE_AUTORELEASING = YES;
				CLANG_WARN_BOOL_CONVERSION = YES;
				CLANG_WARN_COMMA = YES;
				CLANG_WARN_CONSTANT_CONVERSION = YES;
				CLANG_WARN_DEPRECATED_OBJC_IMPLEMENTATIONS = YES;
				CLANG_WARN_DIRECT_OBJC_ISA_USAGE = YES_ERROR;
				CLANG_WARN_DOCUMENTATION_COMMENTS = YES;
				CLANG_WARN_EMPTY_BODY = YES;
				CLANG_WARN_ENUM_CONVERSION = YES;
				CLANG_WARN_INFINITE_RECURSION = YES;
				CLANG_WARN_INT_CONVERSION = YES;
				CLANG_WARN_NON_LITERAL_NULL_CONVERSION = YES;
				CLANG_WARN_OBJC_IMPLICIT_RETAIN_SELF = YES;
				CLANG_WARN_OBJC_LITERAL_CONVERSION = YES;
				CLANG_WARN_OBJC_ROOT_CLASS = YES_ERROR;
				CLANG_WARN_QUOTED_INCLUDE_IN_FRAMEWORK_HEADER = YES;
				CLANG_WARN_RANGE_LOOP_ANALYSIS = YES;
				CLANG_WARN_STRICT_PROTOTYPES = YES;
				CLANG_WARN_SUSPICIOUS_MOVE = YES;
				CLANG_WARN_UNGUARDED_AVAILABILITY = YES_AGGRESSIVE;
				CLANG_WARN_UNREACHABLE_CODE = YES;
				CLANG_WARN__DUPLICATE_METHOD_MATCH = YES;
				COPY_PHASE_STRIP = NO;
				DEBUG_INFORMATION_FORMAT = dwarf;
				ENABLE_STRICT_OBJC_MSGSEND = YES;
				ENABLE_TESTABILITY = YES;
				ENABLE_USER_SCRIPT_SANDBOXING = YES;
				GCC_C_LANGUAGE_STANDARD = gnu17;
				GCC_DYNAMIC_NO_PIC = NO;
				GCC_NO_COMMON_BLOCKS = YES;
				GCC_OPTIMIZATION_LEVEL = 0;
				GCC_PREPROCESSOR_DEFINITIONS = (
					"DEBUG=1",
					"$(inherited)",
				);
				GCC_WARN_64_TO_32_BIT_CONVERSION = YES;
				GCC_WARN_ABOUT_RETURN_TYPE = YES_ERROR;
				GCC_WARN_UNDECLARED_SELECTOR = YES;
				GCC_WARN_UNINITIALIZED_AUTOS = YES_AGGRESSIVE;
				GCC_WARN_UNUSED_FUNCTION = YES;
				GCC_WARN_UNUSED_VARIABLE = YES;
				LOCALIZATION_PREFERS_STRING_CATALOGS = YES;
				MTL_ENABLE_DEBUG_INFO = INCLUDE_SOURCE;
				MTL_FAST_MATH = YES;
				ONLY_ACTIVE_ARCH = YES;
				SWIFT_ACTIVE_COMPILATION_CONDITIONS = "DEBUG $(inherited)";
				SWIFT_OPTIMIZATION_LEVEL = "-Onone";
			};
			name = Debug;
		};
		2F8CA37C2AA660500040E468 /* Release */ = {
			isa = XCBuildConfiguration;
			buildSettings = {
				ALWAYS_SEARCH_USER_PATHS = NO;
				ASSETCATALOG_COMPILER_GENERATE_SWIFT_ASSET_SYMBOL_EXTENSIONS = YES;
				CLANG_ANALYZER_NONNULL = YES;
				CLANG_ANALYZER_NUMBER_OBJECT_CONVERSION = YES_AGGRESSIVE;
				CLANG_CXX_LANGUAGE_STANDARD = "gnu++20";
				CLANG_ENABLE_MODULES = YES;
				CLANG_ENABLE_OBJC_ARC = YES;
				CLANG_ENABLE_OBJC_WEAK = YES;
				CLANG_WARN_BLOCK_CAPTURE_AUTORELEASING = YES;
				CLANG_WARN_BOOL_CONVERSION = YES;
				CLANG_WARN_COMMA = YES;
				CLANG_WARN_CONSTANT_CONVERSION = YES;
				CLANG_WARN_DEPRECATED_OBJC_IMPLEMENTATIONS = YES;
				CLANG_WARN_DIRECT_OBJC_ISA_USAGE = YES_ERROR;
				CLANG_WARN_DOCUMENTATION_COMMENTS = YES;
				CLANG_WARN_EMPTY_BODY = YES;
				CLANG_WARN_ENUM_CONVERSION = YES;
				CLANG_WARN_INFINITE_RECURSION = YES;
				CLANG_WARN_INT_CONVERSION = YES;
				CLANG_WARN_NON_LITERAL_NULL_CONVERSION = YES;
				CLANG_WARN_OBJC_IMPLICIT_RETAIN_SELF = YES;
				CLANG_WARN_OBJC_LITERAL_CONVERSION = YES;
				CLANG_WARN_OBJC_ROOT_CLASS = YES_ERROR;
				CLANG_WARN_QUOTED_INCLUDE_IN_FRAMEWORK_HEADER = YES;
				CLANG_WARN_RANGE_LOOP_ANALYSIS = YES;
				CLANG_WARN_STRICT_PROTOTYPES = YES;
				CLANG_WARN_SUSPICIOUS_MOVE = YES;
				CLANG_WARN_UNGUARDED_AVAILABILITY = YES_AGGRESSIVE;
				CLANG_WARN_UNREACHABLE_CODE = YES;
				CLANG_WARN__DUPLICATE_METHOD_MATCH = YES;
				COPY_PHASE_STRIP = NO;
				DEBUG_INFORMATION_FORMAT = "dwarf-with-dsym";
				ENABLE_NS_ASSERTIONS = NO;
				ENABLE_STRICT_OBJC_MSGSEND = YES;
				ENABLE_USER_SCRIPT_SANDBOXING = YES;
				GCC_C_LANGUAGE_STANDARD = gnu17;
				GCC_NO_COMMON_BLOCKS = YES;
				GCC_WARN_64_TO_32_BIT_CONVERSION = YES;
				GCC_WARN_ABOUT_RETURN_TYPE = YES_ERROR;
				GCC_WARN_UNDECLARED_SELECTOR = YES;
				GCC_WARN_UNINITIALIZED_AUTOS = YES_AGGRESSIVE;
				GCC_WARN_UNUSED_FUNCTION = YES;
				GCC_WARN_UNUSED_VARIABLE = YES;
				LOCALIZATION_PREFERS_STRING_CATALOGS = YES;
				MTL_ENABLE_DEBUG_INFO = NO;
				MTL_FAST_MATH = YES;
				SWIFT_COMPILATION_MODE = wholemodule;
			};
			name = Release;
		};
		2F8CA37E2AA660500040E468 /* Debug */ = {
			isa = XCBuildConfiguration;
			buildSettings = {
				ASSETCATALOG_COMPILER_APPICON_NAME = AppIcon;
				ASSETCATALOG_COMPILER_GLOBAL_ACCENT_COLOR_NAME = AccentColor;
				CODE_SIGN_ENTITLEMENTS = CryptoConnect/CryptoConnect.entitlements;
				CODE_SIGN_STYLE = Automatic;
				CURRENT_PROJECT_VERSION = 1;
				DEVELOPMENT_ASSET_PATHS = "\"CryptoConnect/Preview Content\"";
				DEVELOPMENT_TEAM = H5K8CL3D92;
				ENABLE_HARDENED_RUNTIME = YES;
				ENABLE_PREVIEWS = YES;
				GENERATE_INFOPLIST_FILE = YES;
				"INFOPLIST_KEY_UIApplicationSceneManifest_Generation[sdk=iphoneos*]" = YES;
				"INFOPLIST_KEY_UIApplicationSceneManifest_Generation[sdk=iphonesimulator*]" = YES;
				"INFOPLIST_KEY_UIApplicationSupportsIndirectInputEvents[sdk=iphoneos*]" = YES;
				"INFOPLIST_KEY_UIApplicationSupportsIndirectInputEvents[sdk=iphonesimulator*]" = YES;
				"INFOPLIST_KEY_UILaunchScreen_Generation[sdk=iphoneos*]" = YES;
				"INFOPLIST_KEY_UILaunchScreen_Generation[sdk=iphonesimulator*]" = YES;
				"INFOPLIST_KEY_UIStatusBarStyle[sdk=iphoneos*]" = UIStatusBarStyleDefault;
				"INFOPLIST_KEY_UIStatusBarStyle[sdk=iphonesimulator*]" = UIStatusBarStyleDefault;
				INFOPLIST_KEY_UISupportedInterfaceOrientations_iPad = "UIInterfaceOrientationPortrait UIInterfaceOrientationPortraitUpsideDown UIInterfaceOrientationLandscapeLeft UIInterfaceOrientationLandscapeRight";
				INFOPLIST_KEY_UISupportedInterfaceOrientations_iPhone = "UIInterfaceOrientationPortrait UIInterfaceOrientationLandscapeLeft UIInterfaceOrientationLandscapeRight";
				IPHONEOS_DEPLOYMENT_TARGET = 17.0;
				LD_RUNPATH_SEARCH_PATHS = "@executable_path/Frameworks";
				"LD_RUNPATH_SEARCH_PATHS[sdk=macosx*]" = "@executable_path/../Frameworks";
				MACOSX_DEPLOYMENT_TARGET = 14.0;
				MARKETING_VERSION = 1.0;
				PRODUCT_BUNDLE_IDENTIFIER = mzellhuber.CryptoConnect;
				PRODUCT_NAME = "$(TARGET_NAME)";
				SDKROOT = auto;
				SUPPORTED_PLATFORMS = "iphoneos iphonesimulator macosx";
				SWIFT_EMIT_LOC_STRINGS = YES;
				SWIFT_VERSION = 5.0;
				TARGETED_DEVICE_FAMILY = "1,2";
			};
			name = Debug;
		};
		2F8CA37F2AA660500040E468 /* Release */ = {
			isa = XCBuildConfiguration;
			buildSettings = {
				ASSETCATALOG_COMPILER_APPICON_NAME = AppIcon;
				ASSETCATALOG_COMPILER_GLOBAL_ACCENT_COLOR_NAME = AccentColor;
				CODE_SIGN_ENTITLEMENTS = CryptoConnect/CryptoConnect.entitlements;
				CODE_SIGN_STYLE = Automatic;
				CURRENT_PROJECT_VERSION = 1;
				DEVELOPMENT_ASSET_PATHS = "\"CryptoConnect/Preview Content\"";
				DEVELOPMENT_TEAM = H5K8CL3D92;
				ENABLE_HARDENED_RUNTIME = YES;
				ENABLE_PREVIEWS = YES;
				GENERATE_INFOPLIST_FILE = YES;
				"INFOPLIST_KEY_UIApplicationSceneManifest_Generation[sdk=iphoneos*]" = YES;
				"INFOPLIST_KEY_UIApplicationSceneManifest_Generation[sdk=iphonesimulator*]" = YES;
				"INFOPLIST_KEY_UIApplicationSupportsIndirectInputEvents[sdk=iphoneos*]" = YES;
				"INFOPLIST_KEY_UIApplicationSupportsIndirectInputEvents[sdk=iphonesimulator*]" = YES;
				"INFOPLIST_KEY_UILaunchScreen_Generation[sdk=iphoneos*]" = YES;
				"INFOPLIST_KEY_UILaunchScreen_Generation[sdk=iphonesimulator*]" = YES;
				"INFOPLIST_KEY_UIStatusBarStyle[sdk=iphoneos*]" = UIStatusBarStyleDefault;
				"INFOPLIST_KEY_UIStatusBarStyle[sdk=iphonesimulator*]" = UIStatusBarStyleDefault;
				INFOPLIST_KEY_UISupportedInterfaceOrientations_iPad = "UIInterfaceOrientationPortrait UIInterfaceOrientationPortraitUpsideDown UIInterfaceOrientationLandscapeLeft UIInterfaceOrientationLandscapeRight";
				INFOPLIST_KEY_UISupportedInterfaceOrientations_iPhone = "UIInterfaceOrientationPortrait UIInterfaceOrientationLandscapeLeft UIInterfaceOrientationLandscapeRight";
				IPHONEOS_DEPLOYMENT_TARGET = 17.0;
				LD_RUNPATH_SEARCH_PATHS = "@executable_path/Frameworks";
				"LD_RUNPATH_SEARCH_PATHS[sdk=macosx*]" = "@executable_path/../Frameworks";
				MACOSX_DEPLOYMENT_TARGET = 14.0;
				MARKETING_VERSION = 1.0;
				PRODUCT_BUNDLE_IDENTIFIER = mzellhuber.CryptoConnect;
				PRODUCT_NAME = "$(TARGET_NAME)";
				SDKROOT = auto;
				SUPPORTED_PLATFORMS = "iphoneos iphonesimulator macosx";
				SWIFT_EMIT_LOC_STRINGS = YES;
				SWIFT_VERSION = 5.0;
				TARGETED_DEVICE_FAMILY = "1,2";
			};
			name = Release;
		};
		2F8CA3812AA660500040E468 /* Debug */ = {
			isa = XCBuildConfiguration;
			buildSettings = {
				ALWAYS_EMBED_SWIFT_STANDARD_LIBRARIES = YES;
				BUNDLE_LOADER = "$(TEST_HOST)";
				CODE_SIGN_STYLE = Automatic;
				CURRENT_PROJECT_VERSION = 1;
				DEVELOPMENT_TEAM = H5K8CL3D92;
				GENERATE_INFOPLIST_FILE = YES;
				IPHONEOS_DEPLOYMENT_TARGET = 17.0;
				MACOSX_DEPLOYMENT_TARGET = 14.0;
				MARKETING_VERSION = 1.0;
				PRODUCT_BUNDLE_IDENTIFIER = mzellhuber.CryptoConnectTests;
				PRODUCT_NAME = "$(TARGET_NAME)";
				SDKROOT = auto;
				SUPPORTED_PLATFORMS = "iphoneos iphonesimulator macosx";
				SWIFT_EMIT_LOC_STRINGS = NO;
				SWIFT_VERSION = 5.0;
				TARGETED_DEVICE_FAMILY = "1,2";
				TEST_HOST = "$(BUILT_PRODUCTS_DIR)/CryptoConnect.app/$(BUNDLE_EXECUTABLE_FOLDER_PATH)/CryptoConnect";
			};
			name = Debug;
		};
		2F8CA3822AA660500040E468 /* Release */ = {
			isa = XCBuildConfiguration;
			buildSettings = {
				ALWAYS_EMBED_SWIFT_STANDARD_LIBRARIES = YES;
				BUNDLE_LOADER = "$(TEST_HOST)";
				CODE_SIGN_STYLE = Automatic;
				CURRENT_PROJECT_VERSION = 1;
				DEVELOPMENT_TEAM = H5K8CL3D92;
				GENERATE_INFOPLIST_FILE = YES;
				IPHONEOS_DEPLOYMENT_TARGET = 17.0;
				MACOSX_DEPLOYMENT_TARGET = 14.0;
				MARKETING_VERSION = 1.0;
				PRODUCT_BUNDLE_IDENTIFIER = mzellhuber.CryptoConnectTests;
				PRODUCT_NAME = "$(TARGET_NAME)";
				SDKROOT = auto;
				SUPPORTED_PLATFORMS = "iphoneos iphonesimulator macosx";
				SWIFT_EMIT_LOC_STRINGS = NO;
				SWIFT_VERSION = 5.0;
				TARGETED_DEVICE_FAMILY = "1,2";
				TEST_HOST = "$(BUILT_PRODUCTS_DIR)/CryptoConnect.app/$(BUNDLE_EXECUTABLE_FOLDER_PATH)/CryptoConnect";
			};
			name = Release;
		};
		2F8CA3842AA660500040E468 /* Debug */ = {
			isa = XCBuildConfiguration;
			buildSettings = {
				ALWAYS_EMBED_SWIFT_STANDARD_LIBRARIES = YES;
				CODE_SIGN_STYLE = Automatic;
				CURRENT_PROJECT_VERSION = 1;
				DEVELOPMENT_TEAM = H5K8CL3D92;
				GENERATE_INFOPLIST_FILE = YES;
				IPHONEOS_DEPLOYMENT_TARGET = 17.0;
				MACOSX_DEPLOYMENT_TARGET = 14.0;
				MARKETING_VERSION = 1.0;
				PRODUCT_BUNDLE_IDENTIFIER = mzellhuber.CryptoConnectUITests;
				PRODUCT_NAME = "$(TARGET_NAME)";
				SDKROOT = auto;
				SUPPORTED_PLATFORMS = "iphoneos iphonesimulator macosx";
				SWIFT_EMIT_LOC_STRINGS = NO;
				SWIFT_VERSION = 5.0;
				TARGETED_DEVICE_FAMILY = "1,2";
				TEST_TARGET_NAME = CryptoConnect;
			};
			name = Debug;
		};
		2F8CA3852AA660500040E468 /* Release */ = {
			isa = XCBuildConfiguration;
			buildSettings = {
				ALWAYS_EMBED_SWIFT_STANDARD_LIBRARIES = YES;
				CODE_SIGN_STYLE = Automatic;
				CURRENT_PROJECT_VERSION = 1;
				DEVELOPMENT_TEAM = H5K8CL3D92;
				GENERATE_INFOPLIST_FILE = YES;
				IPHONEOS_DEPLOYMENT_TARGET = 17.0;
				MACOSX_DEPLOYMENT_TARGET = 14.0;
				MARKETING_VERSION = 1.0;
				PRODUCT_BUNDLE_IDENTIFIER = mzellhuber.CryptoConnectUITests;
				PRODUCT_NAME = "$(TARGET_NAME)";
				SDKROOT = auto;
				SUPPORTED_PLATFORMS = "iphoneos iphonesimulator macosx";
				SWIFT_EMIT_LOC_STRINGS = NO;
				SWIFT_VERSION = 5.0;
				TARGETED_DEVICE_FAMILY = "1,2";
				TEST_TARGET_NAME = CryptoConnect;
			};
			name = Release;
		};
/* End XCBuildConfiguration section */

/* Begin XCConfigurationList section */
		2F8CA3512AA6604E0040E468 /* Build configuration list for PBXProject "CryptoConnect" */ = {
			isa = XCConfigurationList;
			buildConfigurations = (
				2F8CA37B2AA660500040E468 /* Debug */,
				2F8CA37C2AA660500040E468 /* Release */,
			);
			defaultConfigurationIsVisible = 0;
			defaultConfigurationName = Release;
		};
		2F8CA37D2AA660500040E468 /* Build configuration list for PBXNativeTarget "CryptoConnect" */ = {
			isa = XCConfigurationList;
			buildConfigurations = (
				2F8CA37E2AA660500040E468 /* Debug */,
				2F8CA37F2AA660500040E468 /* Release */,
			);
			defaultConfigurationIsVisible = 0;
			defaultConfigurationName = Release;
		};
		2F8CA3802AA660500040E468 /* Build configuration list for PBXNativeTarget "CryptoConnectTests" */ = {
			isa = XCConfigurationList;
			buildConfigurations = (
				2F8CA3812AA660500040E468 /* Debug */,
				2F8CA3822AA660500040E468 /* Release */,
			);
			defaultConfigurationIsVisible = 0;
			defaultConfigurationName = Release;
		};
		2F8CA3832AA660500040E468 /* Build configuration list for PBXNativeTarget "CryptoConnectUITests" */ = {
			isa = XCConfigurationList;
			buildConfigurations = (
				2F8CA3842AA660500040E468 /* Debug */,
				2F8CA3852AA660500040E468 /* Release */,
			);
			defaultConfigurationIsVisible = 0;
			defaultConfigurationName = Release;
		};
/* End XCConfigurationList section */

/* Begin XCRemoteSwiftPackageReference section */
		2F8CA3B12AA666AF0040E468 /* XCRemoteSwiftPackageReference "web3swift" */ = {
			isa = XCRemoteSwiftPackageReference;
			repositoryURL = "https://github.com/matter-labs/web3swift";
			requirement = {
				kind = upToNextMajorVersion;
				minimumVersion = 3.2.0;
			};
		};
/* End XCRemoteSwiftPackageReference section */

/* Begin XCSwiftPackageProductDependency section */
		2F8CA3B22AA666AF0040E468 /* web3swift */ = {
			isa = XCSwiftPackageProductDependency;
			package = 2F8CA3B12AA666AF0040E468 /* XCRemoteSwiftPackageReference "web3swift" */;
			productName = web3swift;
		};
/* End XCSwiftPackageProductDependency section */
	};
	rootObject = 2F8CA34E2AA6604E0040E468 /* Project object */;
}
